
Microsoft Visual Studio Solution File, Format Version 12.00
# Visual Studio Version 17
VisualStudioVersion = 17.10.35122.118
MinimumVisualStudioVersion = 10.0.40219.1
Project("{FAE04EC0-301F-11D3-BF4B-00C04F79EFBC}") = "Isogram", "Isogram\Isogram.csproj", "{D15E2702-605E-43DD-85E1-6F7D686C8662}"
EndProject
Global
	GlobalSection(SolutionConfigurationPlatforms) = preSolution
		Debug|Any CPU = Debug|Any CPU
		Release|Any CPU = Release|Any CPU
	EndGlobalSection
	GlobalSection(ProjectConfigurationPlatforms) = postSolution
		{D15E2702-605E-43DD-85E1-6F7D686C8662}.Debug|Any CPU.ActiveCfg = Debug|Any CPU
		{D15E2702-605E-43DD-85E1-6F7D686C8662}.Debug|Any CPU.Build.0 = Debug|Any CPU
		{D15E2702-605E-43DD-85E1-6F7D686C8662}.Release|Any CPU.ActiveCfg = Release|Any CPU
		{D15E2702-605E-43DD-85E1-6F7D686C8662}.Release|Any CPU.Build.0 = Release|Any CPU
	EndGlobalSection
	GlobalSection(SolutionProperties) = preSolution
		HideSolutionNode = FALSE
	EndGlobalSection
	GlobalSection(ExtensibilityGlobals) = postSolution
		SolutionGuid = {15434EBA-01D9-4FA3-922C-9498B3269829}
	EndGlobalSection
EndGlobal
